
Microsoft Visual Studio Solution File, Format Version 12.00
# Visual Studio Version 17
VisualStudioVersion = 17.3.32901.215
MinimumVisualStudioVersion = 10.0.40219.1
Project("{9A19103F-16F7-4668-BE54-9A1E7A4F7556}") = "ConsoleApp", "Task1\ConsoleApp.csproj", "{3ECBF1B3-A76F-40F3-8920-2746AC52C30B}"
EndProject
Project("{9A19103F-16F7-4668-BE54-9A1E7A4F7556}") = "DAL", "DAL\DAL.csproj", "{F1822C6F-A773-4FA2-A978-1DA7BE42F143}"
EndProject
Project("{9A19103F-16F7-4668-BE54-9A1E7A4F7556}") = "DTO", "DTO\DTO.csproj", "{8A5068B2-59EE-4DF8-8FA7-501EA8D48EE9}"
EndProject
Project("{9A19103F-16F7-4668-BE54-9A1E7A4F7556}") = "BusinessLogic", "BusinessLogic\BusinessLogic.csproj", "{5686302B-9AE2-435D-9FC3-50A27FBCF901}"
EndProject
Project("{9A19103F-16F7-4668-BE54-9A1E7A4F7556}") = "WpfApp", "WpfApp\WpfApp.csproj", "{89A5E47B-DB06-48DB-8826-C3B0DD7377FE}"
EndProject
Project("{FAE04EC0-301F-11D3-BF4B-00C04F79EFBC}") = "UnitTests", "UnitTests\UnitTests.csproj", "{0D2A9FAE-C6B3-4BA1-A9D7-6C307772B005}"
EndProject
Global
	GlobalSection(SolutionConfigurationPlatforms) = preSolution
		Debug|Any CPU = Debug|Any CPU
		Release|Any CPU = Release|Any CPU
	EndGlobalSection
	GlobalSection(ProjectConfigurationPlatforms) = postSolution
		{3ECBF1B3-A76F-40F3-8920-2746AC52C30B}.Debug|Any CPU.ActiveCfg = Debug|Any CPU
		{3ECBF1B3-A76F-40F3-8920-2746AC52C30B}.Debug|Any CPU.Build.0 = Debug|Any CPU
		{3ECBF1B3-A76F-40F3-8920-2746AC52C30B}.Release|Any CPU.ActiveCfg = Release|Any CPU
		{3ECBF1B3-A76F-40F3-8920-2746AC52C30B}.Release|Any CPU.Build.0 = Release|Any CPU
		{F1822C6F-A773-4FA2-A978-1DA7BE42F143}.Debug|Any CPU.ActiveCfg = Debug|Any CPU
		{F1822C6F-A773-4FA2-A978-1DA7BE42F143}.Debug|Any CPU.Build.0 = Debug|Any CPU
		{F1822C6F-A773-4FA2-A978-1DA7BE42F143}.Release|Any CPU.ActiveCfg = Release|Any CPU
		{F1822C6F-A773-4FA2-A978-1DA7BE42F143}.Release|Any CPU.Build.0 = Release|Any CPU
		{8A5068B2-59EE-4DF8-8FA7-501EA8D48EE9}.Debug|Any CPU.ActiveCfg = Debug|Any CPU
		{8A5068B2-59EE-4DF8-8FA7-501EA8D48EE9}.Debug|Any CPU.Build.0 = Debug|Any CPU
		{8A5068B2-59EE-4DF8-8FA7-501EA8D48EE9}.Release|Any CPU.ActiveCfg = Release|Any CPU
		{8A5068B2-59EE-4DF8-8FA7-501EA8D48EE9}.Release|Any CPU.Build.0 = Release|Any CPU
		{5686302B-9AE2-435D-9FC3-50A27FBCF901}.Debug|Any CPU.ActiveCfg = Debug|Any CPU
		{5686302B-9AE2-435D-9FC3-50A27FBCF901}.Debug|Any CPU.Build.0 = Debug|Any CPU
		{5686302B-9AE2-435D-9FC3-50A27FBCF901}.Release|Any CPU.ActiveCfg = Release|Any CPU
		{5686302B-9AE2-435D-9FC3-50A27FBCF901}.Release|Any CPU.Build.0 = Release|Any CPU
		{89A5E47B-DB06-48DB-8826-C3B0DD7377FE}.Debug|Any CPU.ActiveCfg = Debug|Any CPU
		{89A5E47B-DB06-48DB-8826-C3B0DD7377FE}.Debug|Any CPU.Build.0 = Debug|Any CPU
		{89A5E47B-DB06-48DB-8826-C3B0DD7377FE}.Release|Any CPU.ActiveCfg = Release|Any CPU
		{89A5E47B-DB06-48DB-8826-C3B0DD7377FE}.Release|Any CPU.Build.0 = Release|Any CPU
		{0D2A9FAE-C6B3-4BA1-A9D7-6C307772B005}.Debug|Any CPU.ActiveCfg = Debug|Any CPU
		{0D2A9FAE-C6B3-4BA1-A9D7-6C307772B005}.Debug|Any CPU.Build.0 = Debug|Any CPU
		{0D2A9FAE-C6B3-4BA1-A9D7-6C307772B005}.Release|Any CPU.ActiveCfg = Release|Any CPU
		{0D2A9FAE-C6B3-4BA1-A9D7-6C307772B005}.Release|Any CPU.Build.0 = Release|Any CPU
	EndGlobalSection
	GlobalSection(SolutionProperties) = preSolution
		HideSolutionNode = FALSE
	EndGlobalSection
	GlobalSection(ExtensibilityGlobals) = postSolution
		SolutionGuid = {F0E79AA3-3E31-4517-85BE-C2262A33BB86}
	EndGlobalSection
EndGlobal
